// !$*UTF8*$!
{
	archiveVersion = 1;
	classes = {
	};
	objectVersion = 46;
	objects = {

/* Begin PBXBuildFile section */
		644EDA851FA2FB3000CB9956 /* main.m in Sources */ = {isa = PBXBuildFile; fileRef = 644EDA841FA2FB3000CB9956 /* main.m */; };
		644EDA881FA2FB3000CB9956 /* AppDelegate.m in Sources */ = {isa = PBXBuildFile; fileRef = 644EDA871FA2FB3000CB9956 /* AppDelegate.m */; };
		644EDA8B1FA2FB3000CB9956 /* ViewController.m in Sources */ = {isa = PBXBuildFile; fileRef = 644EDA8A1FA2FB3000CB9956 /* ViewController.m */; };
		644EDA8E1FA2FB3000CB9956 /* Main.storyboard in Resources */ = {isa = PBXBuildFile; fileRef = 644EDA8C1FA2FB3000CB9956 /* Main.storyboard */; };
		644EDA901FA2FB3000CB9956 /* Assets.xcassets in Resources */ = {isa = PBXBuildFile; fileRef = 644EDA8F1FA2FB3000CB9956 /* Assets.xcassets */; };
		644EDA931FA2FB3000CB9956 /* LaunchScreen.storyboard in Resources */ = {isa = PBXBuildFile; fileRef = 644EDA911FA2FB3000CB9956 /* LaunchScreen.storyboard */; };
/* End PBXBuildFile section */

/* Begin PBXFileReference section */
		644EDA801FA2FB3000CB9956 /* PayPasswordViewDemo.app */ = {isa = PBXFileReference; explicitFileType = wrapper.application; includeInIndex = 0; path = PayPasswordViewDemo.app; sourceTree = BUILT_PRODUCTS_DIR; };
		644EDA841FA2FB3000CB9956 /* main.m */ = {isa = PBXFileReference; lastKnownFileType = sourcecode.c.objc; path = main.m; sourceTree = "<group>"; };
		644EDA861FA2FB3000CB9956 /* AppDelegate.h */ = {isa = PBXFileReference; lastKnownFileType = sourcecode.c.h; path = AppDelegate.h; sourceTree = "<group>"; };
		644EDA871FA2FB3000CB9956 /* AppDelegate.m */ = {isa = PBXFileReference; lastKnownFileType = sourcecode.c.objc; path = AppDelegate.m; sourceTree = "<group>"; };
		644EDA891FA2FB3000CB9956 /* ViewController.h */ = {isa = PBXFileReference; lastKnownFileType = sourcecode.c.h; path = ViewController.h; sourceTree = "<group>"; };
		644EDA8A1FA2FB3000CB9956 /* ViewController.m */ = {isa = PBXFileReference; lastKnownFileType = sourcecode.c.objc; path = ViewController.m; sourceTree = "<group>"; };
		644EDA8D1FA2FB3000CB9956 /* Base */ = {isa = PBXFileReference; lastKnownFileType = file.storyboard; name = Base; path = Base.lproj/Main.storyboard; sourceTree = "<group>"; };
		644EDA8F1FA2FB3000CB9956 /* Assets.xcassets */ = {isa = PBXFileReference; lastKnownFileType = folder.assetcatalog; path = Assets.xcassets; sourceTree = "<group>"; };
		644EDA921FA2FB3000CB9956 /* Base */ = {isa = PBXFileReference; lastKnownFileType = file.storyboard; name = Base; path = Base.lproj/LaunchScreen.storyboard; sourceTree = "<group>"; };
		644EDA941FA2FB3000CB9956 /* Info.plist */ = {isa = PBXFileReference; lastKnownFileType = text.plist.xml; path = Info.plist; sourceTree = "<group>"; };
/* End PBXFileReference section */

/* Begin PBXFrameworksBuildPhase section */
		644EDA7D1FA2FB3000CB9956 /* Frameworks */ = {
			isa = PBXFrameworksBuildPhase;
			buildActionMask = 2147483647;
			files = (
			);
			runOnlyForDeploymentPostprocessing = 0;
		};
/* End PBXFrameworksBuildPhase section */

/* Begin PBXGroup section */
		644EDA771FA2FB3000CB9956 = {
			isa = PBXGroup;
			children = (
				644EDA821FA2FB3000CB9956 /* PayPasswordViewDemo */,
				644EDA811FA2FB3000CB9956 /* Products */,
			);
			sourceTree = "<group>";
		};
		644EDA811FA2FB3000CB9956 /* Products */ = {
			isa = PBXGroup;
			children = (
				644EDA801FA2FB3000CB9956 /* PayPasswordViewDemo.app */,
			);
			name = Products;
			sourceTree = "<group>";
		};
		644EDA821FA2FB3000CB9956 /* PayPasswordViewDemo */ = {
			isa = PBXGroup;
			children = (
				644EDA861FA2FB3000CB9956 /* AppDelegate.h */,
				644EDA871FA2FB3000CB9956 /* AppDelegate.m */,
				644EDA891FA2FB3000CB9956 /* ViewController.h */,
				644EDA8A1FA2FB3000CB9956 /* ViewController.m */,
				644EDA8C1FA2FB3000CB9956 /* Main.storyboard */,
				644EDA8F1FA2FB3000CB9956 /* Assets.xcassets */,
				644EDA911FA2FB3000CB9956 /* LaunchScreen.storyboard */,
				644EDA941FA2FB3000CB9956 /* Info.plist */,
				644EDA831FA2FB3000CB9956 /* Supporting Files */,
			);
			path = PayPasswordViewDemo;
			sourceTree = "<group>";
		};
		644EDA831FA2FB3000CB9956 /* Supporting Files */ = {
			isa = PBXGroup;
			children = (
				644EDA841FA2FB3000CB9956 /* main.m */,
			);
			name = "Supporting Files";
			sourceTree = "<group>";
		};
/* End PBXGroup section */

/* Begin PBXNativeTarget section */
		644EDA7F1FA2FB3000CB9956 /* PayPasswordViewDemo */ = {
			isa = PBXNativeTarget;
			buildConfigurationList = 644EDA971FA2FB3000CB9956 /* Build configuration list for PBXNativeTarget "PayPasswordViewDemo" */;
			buildPhases = (
				644EDA7C1FA2FB3000CB9956 /* Sources */,
				644EDA7D1FA2FB3000CB9956 /* Frameworks */,
				644EDA7E1FA2FB3000CB9956 /* Resources */,
			);
			buildRules = (
			);
			dependencies = (
			);
			name = PayPasswordViewDemo;
			productName = PayPasswordViewDemo;
			productReference = 644EDA801FA2FB3000CB9956 /* PayPasswordViewDemo.app */;
			productType = "com.apple.product-type.application";
		};
/* End PBXNativeTarget section */

/* Begin PBXProject section */
		644EDA781FA2FB3000CB9956 /* Project object */ = {
			isa = PBXProject;
			attributes = {
				LastUpgradeCheck = 0830;
				ORGANIZATIONNAME = csj;
				TargetAttributes = {
					644EDA7F1FA2FB3000CB9956 = {
						CreatedOnToolsVersion = 8.3.3;
						ProvisioningStyle = Automatic;
					};
				};
			};
			buildConfigurationList = 644EDA7B1FA2FB3000CB9956 /* Build configuration list for PBXProject "PayPasswordViewDemo" */;
			compatibilityVersion = "Xcode 3.2";
			developmentRegion = English;
			hasScannedForEncodings = 0;
			knownRegions = (
				en,
				Base,
			);
			mainGroup = 644EDA771FA2FB3000CB9956;
			productRefGroup = 644EDA811FA2FB3000CB9956 /* Products */;
			projectDirPath = "";
			projectRoot = "";
			targets = (
				644EDA7F1FA2FB3000CB9956 /* PayPasswordViewDemo */,
			);
		};
/* End PBXProject section */

/* Begin PBXResourcesBuildPhase section */
		644EDA7E1FA2FB3000CB9956 /* Resources */ = {
			isa = PBXResourcesBuildPhase;
			buildActionMask = 2147483647;
			files = (
				644EDA931FA2FB3000CB9956 /* LaunchScreen.storyboard in Resources */,
				644EDA901FA2FB3000CB9956 /* Assets.xcassets in Resources */,
				644EDA8E1FA2FB3000CB9956 /* Main.storyboard in Resources */,
			);
			runOnlyForDeploymentPostprocessing = 0;
		};
/* End PBXResourcesBuildPhase section */

/* Begin PBXSourcesBuildPhase section */
		644EDA7C1FA2FB3000CB9956 /* Sources */ = {
			isa = PBXSourcesBuildPhase;
			buildActionMask = 2147483647;
			files = (
				644EDA8B1FA2FB3000CB9956 /* ViewController.m in Sources */,
				644EDA881FA2FB3000CB9956 /* AppDelegate.m in Sources */,
				644EDA851FA2FB3000CB9956 /* main.m in Sources */,
			);
			runOnlyForDeploymentPostprocessing = 0;
		};
/* End PBXSourcesBuildPhase section */

/* Begin PBXVariantGroup section */
		644EDA8C1FA2FB3000CB9956 /* Main.storyboard */ = {
			isa = PBXVariantGroup;
			children = (
				644EDA8D1FA2FB3000CB9956 /* Base */,
			);
			name = Main.storyboard;
			sourceTree = "<group>";
		};
		644EDA911FA2FB3000CB9956 /* LaunchScreen.storyboard */ = {
			isa = PBXVariantGroup;
			children = (
				644EDA921FA2FB3000CB9956 /* Base */,
			);
			name = LaunchScreen.storyboard;
			sourceTree = "<group>";
		};
/* End PBXVariantGroup section */

/* Begin XCBuildConfiguration section */
		644EDA951FA2FB3000CB9956 /* Debug */ = {
			isa = XCBuildConfiguration;
			buildSettings = {
				ALWAYS_SEARCH_USER_PATHS = NO;
				CLANG_ANALYZER_NONNULL = YES;
				CLANG_ANALYZER_NUMBER_OBJECT_CONVERSION = YES_AGGRESSIVE;
				CLANG_CXX_LANGUAGE_STANDARD = "gnu++0x";
				CLANG_CXX_LIBRARY = "libc++";
				CLANG_ENABLE_MODULES = YES;
				CLANG_ENABLE_OBJC_ARC = YES;
				CLANG_WARN_BOOL_CONVERSION = YES;
				CLANG_WARN_CONSTANT_CONVERSION = YES;
				CLANG_WARN_DIRECT_OBJC_ISA_USAGE = YES_ERROR;
				CLANG_WARN_DOCUMENTATION_COMMENTS = YES;
				CLANG_WARN_EMPTY_BODY = YES;
				CLANG_WARN_ENUM_CONVERSION = YES;
				CLANG_WARN_INFINITE_RECURSION = YES;
				CLANG_WARN_INT_CONVERSION = YES;
				CLANG_WARN_OBJC_ROOT_CLASS = YES_ERROR;
				CLANG_WARN_SUSPICIOUS_MOVE = YES;
				CLANG_WARN_UNREACHABLE_CODE = YES;
				CLANG_WARN__DUPLICATE_METHOD_MATCH = YES;
				"CODE_SIGN_IDENTITY[sdk=iphoneos*]" = "iPhone Developer";
				COPY_PHASE_STRIP = NO;
				DEBUG_INFORMATION_FORMAT = dwarf;
				ENABLE_STRICT_OBJC_MSGSEND = YES;
				ENABLE_TESTABILITY = YES;
				GCC_C_LANGUAGE_STANDARD = gnu99;
				GCC_DYNAMIC_NO_PIC = NO;
				GCC_NO_COMMON_BLOCKS = YES;
				GCC_OPTIMIZATION_LEVEL = 0;
				GCC_PREPROCESSOR_DEFINITIONS = (
					"DEBUG=1",
					"$(inherited)",
				);
				GCC_WARN_64_TO_32_BIT_CONVERSION = YES;
				GCC_WARN_ABOUT_RETURN_TYPE = YES_ERROR;
				GCC_WARN_UNDECLARED_SELECTOR = YES;
				GCC_WARN_UNINITIALIZED_AUTOS = YES_AGGRESSIVE;
				GCC_WARN_UNUSED_FUNCTION = YES;
				GCC_WARN_UNUSED_VARIABLE = YES;
				IPHONEOS_DEPLOYMENT_TARGET = 10.3;
				MTL_ENABLE_DEBUG_INFO = YES;
				ONLY_ACTIVE_ARCH = YES;
				SDKROOT = iphoneos;
				TARGETED_DEVICE_FAMILY = "1,2";
			};
			name = Debug;
		};
		644EDA961FA2FB3000CB9956 /* Release */ = {
			isa = XCBuildConfiguration;
			buildSettings = {
				ALWAYS_SEARCH_USER_PATHS = NO;
				CLANG_ANALYZER_NONNULL = YES;
				CLANG_ANALYZER_NUMBER_OBJECT_CONVERSION = YES_AGGRESSIVE;
				CLANG_CXX_LANGUAGE_STANDARD = "gnu++0x";
				CLANG_CXX_LIBRARY = "libc++";
				CLANG_ENABLE_MODULES = YES;
				CLANG_ENABLE_OBJC_ARC = YES;
				CLANG_WARN_BOOL_CONVERSION = YES;
				CLANG_WARN_CONSTANT_CONVERSION = YES;
				CLANG_WARN_DIRECT_OBJC_ISA_USAGE = YES_ERROR;
				CLANG_WARN_DOCUMENTATION_COMMENTS = YES;
				CLANG_WARN_EMPTY_BODY = YES;
				CLANG_WARN_ENUM_CONVERSION = YES;
				CLANG_WARN_INFINITE_RECURSION = YES;
				CLANG_WARN_INT_CONVERSION = YES;
				CLANG_WARN_OBJC_ROOT_CLASS = YES_ERROR;
				CLANG_WARN_SUSPICIOUS_MOVE = YES;
				CLANG_WARN_UNREACHABLE_CODE = YES;
				CLANG_WARN__DUPLICATE_METHOD_MATCH = YES;
				"CODE_SIGN_IDENTITY[sdk=iphoneos*]" = "iPhone Developer";
				COPY_PHASE_STRIP = NO;
				DEBUG_INFORMATION_FORMAT = "dwarf-with-dsym";
				ENABLE_NS_ASSERTIONS = NO;
				ENABLE_STRICT_OBJC_MSGSEND = YES;
				GCC_C_LANGUAGE_STANDARD = gnu99;
				GCC_NO_COMMON_BLOCKS = YES;
				GCC_WARN_64_TO_32_BIT_CONVERSION = YES;
				GCC_WARN_ABOUT_RETURN_TYPE = YES_ERROR;
				GCC_WARN_UNDECLARED_SELECTOR = YES;
				GCC_WARN_UNINITIALIZED_AUTOS = YES_AGGRESSIVE;
				GCC_WARN_UNUSED_FUNCTION = YES;
				GCC_WARN_UNUSED_VARIABLE = YES;
				IPHONEOS_DEPLOYMENT_TARGET = 10.3;
				MTL_ENABLE_DEBUG_INFO = NO;
				SDKROOT = iphoneos;
				TARGETED_DEVICE_FAMILY = "1,2";
				VALIDATE_PRODUCT = YES;
			};
			name = Release;
		};
		644EDA981FA2FB3000CB9956 /* Debug */ = {
			isa = XCBuildConfiguration;
			buildSettings = {
				ASSETCATALOG_COMPILER_APPICON_NAME = AppIcon;
				INFOPLIST_FILE = PayPasswordViewDemo/Info.plist;
				LD_RUNPATH_SEARCH_PATHS = "$(inherited) @executable_path/Frameworks";
				PRODUCT_BUNDLE_IDENTIFIER = csj.PayPasswordViewDemo;
				PRODUCT_NAME = "$(TARGET_NAME)";
			};
			name = Debug;
		};
		644EDA991FA2FB3000CB9956 /* Release */ = {
			isa = XCBuildConfiguration;
			buildSettings = {
				ASSETCATALOG_COMPILER_APPICON_NAME = AppIcon;
				INFOPLIST_FILE = PayPasswordViewDemo/Info.plist;
				LD_RUNPATH_SEARCH_PATHS = "$(inherited) @executable_path/Frameworks";
				PRODUCT_BUNDLE_IDENTIFIER = csj.PayPasswordViewDemo;
				PRODUCT_NAME = "$(TARGET_NAME)";
			};
			name = Release;
		};
/* End XCBuildConfiguration section */

/* Begin XCConfigurationList section */
		644EDA7B1FA2FB3000CB9956 /* Build configuration list for PBXProject "PayPasswordViewDemo" */ = {
			isa = XCConfigurationList;
			buildConfigurations = (
				644EDA951FA2FB3000CB9956 /* Debug */,
				644EDA961FA2FB3000CB9956 /* Release */,
			);
			defaultConfigurationIsVisible = 0;
			defaultConfigurationName = Release;
		};
		644EDA971FA2FB3000CB9956 /* Build configuration list for PBXNativeTarget "PayPasswordViewDemo" */ = {
			isa = XCConfigurationList;
			buildConfigurations = (
				644EDA981FA2FB3000CB9956 /* Debug */,
				644EDA991FA2FB3000CB9956 /* Release */,
			);
			defaultConfigurationIsVisible = 0;
		};
/* End XCConfigurationList section */
	};
	rootObject = 644EDA781FA2FB3000CB9956 /* Project object */;
}
